# This file is automatically @generated by Cargo.
# It is not intended for manual editing.
version = 3

[[package]]
name = "b2048"
version = "1.0.1"
dependencies = [
 "base2048",
]

[[package]]
name = "base2048"
version = "2.0.2"
source = "registry+https://github.com/rust-lang/crates.io-index"
checksum = "71f4fe417e8cc3bb9b437dfa9290ce92bd2730ba5374719bdfd9147fbc8f17cd"
